// !$*UTF8*$!
{
	archiveVersion = 1;
	classes = {
	};
	objectVersion = 46;
	objects = {

/* Begin PBXBuildFile section */
		08AC5E541F10D2E000F597D0 /* AppDelegate.swift in Sources */ = {isa = PBXBuildFile; fileRef = 08AC5E531F10D2E000F597D0 /* AppDelegate.swift */; };
		08AC5E561F10D2E100F597D0 /* ViewController.swift in Sources */ = {isa = PBXBuildFile; fileRef = 08AC5E551F10D2E100F597D0 /* ViewController.swift */; };
		08AC5E591F10D2E100F597D0 /* Main.storyboard in Resources */ = {isa = PBXBuildFile; fileRef = 08AC5E571F10D2E100F597D0 /* Main.storyboard */; };
		08AC5E5B1F10D2E100F597D0 /* Assets.xcassets in Resources */ = {isa = PBXBuildFile; fileRef = 08AC5E5A1F10D2E100F597D0 /* Assets.xcassets */; };
		08AC5E5E1F10D2E100F597D0 /* LaunchScreen.storyboard in Resources */ = {isa = PBXBuildFile; fileRef = 08AC5E5C1F10D2E100F597D0 /* LaunchScreen.storyboard */; };
/* End PBXBuildFile section */

/* Begin PBXFileReference section */
		08AC5E501F10D2E000F597D0 /* 薪薪向榮-啟動頁.app */ = {isa = PBXFileReference; explicitFileType = wrapper.application; includeInIndex = 0; path = "薪薪向榮-啟動頁.app"; sourceTree = BUILT_PRODUCTS_DIR; };
		08AC5E531F10D2E000F597D0 /* AppDelegate.swift */ = {isa = PBXFileReference; lastKnownFileType = sourcecode.swift; path = AppDelegate.swift; sourceTree = "<group>"; };
		08AC5E551F10D2E100F597D0 /* ViewController.swift */ = {isa = PBXFileReference; lastKnownFileType = sourcecode.swift; path = ViewController.swift; sourceTree = "<group>"; };
		08AC5E581F10D2E100F597D0 /* Base */ = {isa = PBXFileReference; lastKnownFileType = file.storyboard; name = Base; path = Base.lproj/Main.storyboard; sourceTree = "<group>"; };
		08AC5E5A1F10D2E100F597D0 /* Assets.xcassets */ = {isa = PBXFileReference; lastKnownFileType = folder.assetcatalog; path = Assets.xcassets; sourceTree = "<group>"; };
		08AC5E5D1F10D2E100F597D0 /* Base */ = {isa = PBXFileReference; lastKnownFileType = file.storyboard; name = Base; path = Base.lproj/LaunchScreen.storyboard; sourceTree = "<group>"; };
		08AC5E5F1F10D2E100F597D0 /* Info.plist */ = {isa = PBXFileReference; lastKnownFileType = text.plist.xml; path = Info.plist; sourceTree = "<group>"; };
/* End PBXFileReference section */

/* Begin PBXFrameworksBuildPhase section */
		08AC5E4D1F10D2E000F597D0 /* Frameworks */ = {
			isa = PBXFrameworksBuildPhase;
			buildActionMask = 2147483647;
			files = (
			);
			runOnlyForDeploymentPostprocessing = 0;
		};
/* End PBXFrameworksBuildPhase section */

/* Begin PBXGroup section */
		08AC5E471F10D2E000F597D0 = {
			isa = PBXGroup;
			children = (
				08AC5E521F10D2E000F597D0 /* 薪薪向榮-啟動頁 */,
				08AC5E511F10D2E000F597D0 /* Products */,
			);
			sourceTree = "<group>";
		};
		08AC5E511F10D2E000F597D0 /* Products */ = {
			isa = PBXGroup;
			children = (
				08AC5E501F10D2E000F597D0 /* 薪薪向榮-啟動頁.app */,
			);
			name = Products;
			sourceTree = "<group>";
		};
		08AC5E521F10D2E000F597D0 /* 薪薪向榮-啟動頁 */ = {
			isa = PBXGroup;
			children = (
				08AC5E531F10D2E000F597D0 /* AppDelegate.swift */,
				08AC5E551F10D2E100F597D0 /* ViewController.swift */,
				08AC5E571F10D2E100F597D0 /* Main.storyboard */,
				08AC5E5A1F10D2E100F597D0 /* Assets.xcassets */,
				08AC5E5C1F10D2E100F597D0 /* LaunchScreen.storyboard */,
				08AC5E5F1F10D2E100F597D0 /* Info.plist */,
			);
			path = "薪薪向榮-啟動頁";
			sourceTree = "<group>";
		};
/* End PBXGroup section */

/* Begin PBXNativeTarget section */
		08AC5E4F1F10D2E000F597D0 /* 薪薪向榮-啟動頁 */ = {
			isa = PBXNativeTarget;
			buildConfigurationList = 08AC5E621F10D2E100F597D0 /* Build configuration list for PBXNativeTarget "薪薪向榮-啟動頁" */;
			buildPhases = (
				08AC5E4C1F10D2E000F597D0 /* Sources */,
				08AC5E4D1F10D2E000F597D0 /* Frameworks */,
				08AC5E4E1F10D2E000F597D0 /* Resources */,
			);
			buildRules = (
			);
			dependencies = (
			);
			name = "薪薪向榮-啟動頁";
			productName = "薪薪向榮-啟動頁";
			productReference = 08AC5E501F10D2E000F597D0 /* 薪薪向榮-啟動頁.app */;
			productType = "com.apple.product-type.application";
		};
/* End PBXNativeTarget section */

/* Begin PBXProject section */
		08AC5E481F10D2E000F597D0 /* Project object */ = {
			isa = PBXProject;
			attributes = {
				LastSwiftUpdateCheck = 0830;
				LastUpgradeCheck = 0830;
				ORGANIZATIONNAME = unision;
				TargetAttributes = {
					08AC5E4F1F10D2E000F597D0 = {
						CreatedOnToolsVersion = 8.3.3;
						ProvisioningStyle = Automatic;
					};
				};
			};
			buildConfigurationList = 08AC5E4B1F10D2E000F597D0 /* Build configuration list for PBXProject "薪薪向榮-啟動頁" */;
			compatibilityVersion = "Xcode 3.2";
			developmentRegion = English;
			hasScannedForEncodings = 0;
			knownRegions = (
				en,
				Base,
			);
			mainGroup = 08AC5E471F10D2E000F597D0;
			productRefGroup = 08AC5E511F10D2E000F597D0 /* Products */;
			projectDirPath = "";
			projectRoot = "";
			targets = (
				08AC5E4F1F10D2E000F597D0 /* 薪薪向榮-啟動頁 */,
			);
		};
/* End PBXProject section */

/* Begin PBXResourcesBuildPhase section */
		08AC5E4E1F10D2E000F597D0 /* Resources */ = {
			isa = PBXResourcesBuildPhase;
			buildActionMask = 2147483647;
			files = (
				08AC5E5E1F10D2E100F597D0 /* LaunchScreen.storyboard in Resources */,
				08AC5E5B1F10D2E100F597D0 /* Assets.xcassets in Resources */,
				08AC5E591F10D2E100F597D0 /* Main.storyboard in Resources */,
			);
			runOnlyForDeploymentPostprocessing = 0;
		};
/* End PBXResourcesBuildPhase section */

/* Begin PBXSourcesBuildPhase section */
		08AC5E4C1F10D2E000F597D0 /* Sources */ = {
			isa = PBXSourcesBuildPhase;
			buildActionMask = 2147483647;
			files = (
				08AC5E561F10D2E100F597D0 /* ViewController.swift in Sources */,
				08AC5E541F10D2E000F597D0 /* AppDelegate.swift in Sources */,
			);
			runOnlyForDeploymentPostprocessing = 0;
		};
/* End PBXSourcesBuildPhase section */

/* Begin PBXVariantGroup section */
		08AC5E571F10D2E100F597D0 /* Main.storyboard */ = {
			isa = PBXVariantGroup;
			children = (
				08AC5E581F10D2E100F597D0 /* Base */,
			);
			name = Main.storyboard;
			sourceTree = "<group>";
		};
		08AC5E5C1F10D2E100F597D0 /* LaunchScreen.storyboard */ = {
			isa = PBXVariantGroup;
			children = (
				08AC5E5D1F10D2E100F597D0 /* Base */,
			);
			name = LaunchScreen.storyboard;
			sourceTree = "<group>";
		};
/* End PBXVariantGroup section */

/* Begin XCBuildConfiguration section */
		08AC5E601F10D2E100F597D0 /* Debug */ = {
			isa = XCBuildConfiguration;
			buildSettings = {
				ALWAYS_SEARCH_USER_PATHS = NO;
				CLANG_ANALYZER_NONNULL = YES;
				CLANG_ANALYZER_NUMBER_OBJECT_CONVERSION = YES_AGGRESSIVE;
				CLANG_CXX_LANGUAGE_STANDARD = "gnu++0x";
				CLANG_CXX_LIBRARY = "libc++";
				CLANG_ENABLE_MODULES = YES;
				CLANG_ENABLE_OBJC_ARC = YES;
				CLANG_WARN_BOOL_CONVERSION = YES;
				CLANG_WARN_CONSTANT_CONVERSION = YES;
				CLANG_WARN_DIRECT_OBJC_ISA_USAGE = YES_ERROR;
				CLANG_WARN_DOCUMENTATION_COMMENTS = YES;
				CLANG_WARN_EMPTY_BODY = YES;
				CLANG_WARN_ENUM_CONVERSION = YES;
				CLANG_WARN_INFINITE_RECURSION = YES;
				CLANG_WARN_INT_CONVERSION = YES;
				CLANG_WARN_OBJC_ROOT_CLASS = YES_ERROR;
				CLANG_WARN_SUSPICIOUS_MOVE = YES;
				CLANG_WARN_UNREACHABLE_CODE = YES;
				CLANG_WARN__DUPLICATE_METHOD_MATCH = YES;
				"CODE_SIGN_IDENTITY[sdk=iphoneos*]" = "iPhone Developer";
				COPY_PHASE_STRIP = NO;
				DEBUG_INFORMATION_FORMAT = dwarf;
				ENABLE_STRICT_OBJC_MSGSEND = YES;
				ENABLE_TESTABILITY = YES;
				GCC_C_LANGUAGE_STANDARD = gnu99;
				GCC_DYNAMIC_NO_PIC = NO;
				GCC_NO_COMMON_BLOCKS = YES;
				GCC_OPTIMIZATION_LEVEL = 0;
				GCC_PREPROCESSOR_DEFINITIONS = (
					"DEBUG=1",
					"$(inherited)",
				);
				GCC_WARN_64_TO_32_BIT_CONVERSION = YES;
				GCC_WARN_ABOUT_RETURN_TYPE = YES_ERROR;
				GCC_WARN_UNDECLARED_SELECTOR = YES;
				GCC_WARN_UNINITIALIZED_AUTOS = YES_AGGRESSIVE;
				GCC_WARN_UNUSED_FUNCTION = YES;
				GCC_WARN_UNUSED_VARIABLE = YES;
				IPHONEOS_DEPLOYMENT_TARGET = 10.3;
				MTL_ENABLE_DEBUG_INFO = YES;
				ONLY_ACTIVE_ARCH = YES;
				SDKROOT = iphoneos;
				SWIFT_ACTIVE_COMPILATION_CONDITIONS = DEBUG;
				SWIFT_OPTIMIZATION_LEVEL = "-Onone";
			};
			name = Debug;
		};
		08AC5E611F10D2E100F597D0 /* Release */ = {
			isa = XCBuildConfiguration;
			buildSettings = {
				ALWAYS_SEARCH_USER_PATHS = NO;
				CLANG_ANALYZER_NONNULL = YES;
				CLANG_ANALYZER_NUMBER_OBJECT_CONVERSION = YES_AGGRESSIVE;
				CLANG_CXX_LANGUAGE_STANDARD = "gnu++0x";
				CLANG_CXX_LIBRARY = "libc++";
				CLANG_ENABLE_MODULES = YES;
				CLANG_ENABLE_OBJC_ARC = YES;
				CLANG_WARN_BOOL_CONVERSION = YES;
				CLANG_WARN_CONSTANT_CONVERSION = YES;
				CLANG_WARN_DIRECT_OBJC_ISA_USAGE = YES_ERROR;
				CLANG_WARN_DOCUMENTATION_COMMENTS = YES;
				CLANG_WARN_EMPTY_BODY = YES;
				CLANG_WARN_ENUM_CONVERSION = YES;
				CLANG_WARN_INFINITE_RECURSION = YES;
				CLANG_WARN_INT_CONVERSION = YES;
				CLANG_WARN_OBJC_ROOT_CLASS = YES_ERROR;
				CLANG_WARN_SUSPICIOUS_MOVE = YES;
				CLANG_WARN_UNREACHABLE_CODE = YES;
				CLANG_WARN__DUPLICATE_METHOD_MATCH = YES;
				"CODE_SIGN_IDENTITY[sdk=iphoneos*]" = "iPhone Developer";
				COPY_PHASE_STRIP = NO;
				DEBUG_INFORMATION_FORMAT = "dwarf-with-dsym";
				ENABLE_NS_ASSERTIONS = NO;
				ENABLE_STRICT_OBJC_MSGSEND = YES;
				GCC_C_LANGUAGE_STANDARD = gnu99;
				GCC_NO_COMMON_BLOCKS = YES;
				GCC_WARN_64_TO_32_BIT_CONVERSION = YES;
				GCC_WARN_ABOUT_RETURN_TYPE = YES_ERROR;
				GCC_WARN_UNDECLARED_SELECTOR = YES;
				GCC_WARN_UNINITIALIZED_AUTOS = YES_AGGRESSIVE;
				GCC_WARN_UNUSED_FUNCTION = YES;
				GCC_WARN_UNUSED_VARIABLE = YES;
				IPHONEOS_DEPLOYMENT_TARGET = 10.3;
				MTL_ENABLE_DEBUG_INFO = NO;
				SDKROOT = iphoneos;
				SWIFT_OPTIMIZATION_LEVEL = "-Owholemodule";
				VALIDATE_PRODUCT = YES;
			};
			name = Release;
		};
		08AC5E631F10D2E100F597D0 /* Debug */ = {
			isa = XCBuildConfiguration;
			buildSettings = {
				ASSETCATALOG_COMPILER_APPICON_NAME = AppIcon;
				INFOPLIST_FILE = "薪薪向榮-啟動頁/Info.plist";
				LD_RUNPATH_SEARCH_PATHS = "$(inherited) @executable_path/Frameworks";
				PRODUCT_BUNDLE_IDENTIFIER = "leo.--------";
				PRODUCT_NAME = "$(TARGET_NAME)";
				SWIFT_VERSION = 3.0;
			};
			name = Debug;
		};
		08AC5E641F10D2E100F597D0 /* Release */ = {
			isa = XCBuildConfiguration;
			buildSettings = {
				ASSETCATALOG_COMPILER_APPICON_NAME = AppIcon;
				INFOPLIST_FILE = "薪薪向榮-啟動頁/Info.plist";
				LD_RUNPATH_SEARCH_PATHS = "$(inherited) @executable_path/Frameworks";
				PRODUCT_BUNDLE_IDENTIFIER = "leo.--------";
				PRODUCT_NAME = "$(TARGET_NAME)";
				SWIFT_VERSION = 3.0;
			};
			name = Release;
		};
/* End XCBuildConfiguration section */

/* Begin XCConfigurationList section */
		08AC5E4B1F10D2E000F597D0 /* Build configuration list for PBXProject "薪薪向榮-啟動頁" */ = {
			isa = XCConfigurationList;
			buildConfigurations = (
				08AC5E601F10D2E100F597D0 /* Debug */,
				08AC5E611F10D2E100F597D0 /* Release */,
			);
			defaultConfigurationIsVisible = 0;
			defaultConfigurationName = Release;
		};
		08AC5E621F10D2E100F597D0 /* Build configuration list for PBXNativeTarget "薪薪向榮-啟動頁" */ = {
			isa = XCConfigurationList;
			buildConfigurations = (
				08AC5E631F10D2E100F597D0 /* Debug */,
				08AC5E641F10D2E100F597D0 /* Release */,
			);
			defaultConfigurationIsVisible = 0;
		};
/* End XCConfigurationList section */
	};
	rootObject = 08AC5E481F10D2E000F597D0 /* Project object */;
}
